# THIS IS AN AUTOGENERATED FILE. DO NOT EDIT THIS FILE DIRECTLY.
# yarn lockfile v1


"@babel/code-frame@^7.10.4":
  version "7.24.2"
  resolved "https://registry.yarnpkg.com/@babel/code-frame/-/code-frame-7.24.2.tgz#718b4b19841809a58b29b68cde80bc5e1aa6d9ae"
  integrity sha512-y5+tLQyV8pg3fsiln67BVLD1P13Eg4lh5RW9mF0zUuvLrv9uIQ4MCL+CRT+FTsBlBjcIan6PGsLcBN0m3ClUyQ==
  dependencies:
    "@babel/highlight" "^7.24.2"
    picocolors "^1.0.0"

"@babel/helper-validator-identifier@^7.22.20":
  version "7.22.20"
  resolved "https://registry.yarnpkg.com/@babel/helper-validator-identifier/-/helper-validator-identifier-7.22.20.tgz#c4ae002c61d2879e724581d96665583dbc1dc0e0"
  integrity sha512-Y4OZ+ytlatR8AI+8KZfKuL5urKp7qey08ha31L8b3BwewJAoJamTzyvxPR/5D+KkdJCGPq/+8TukHBlY10FX9A==

"@babel/highlight@^7.24.2":
  version "7.24.2"
  resolved "https://registry.yarnpkg.com/@babel/highlight/-/highlight-7.24.2.tgz#3f539503efc83d3c59080a10e6634306e0370d26"
  integrity sha512-Yac1ao4flkTxTteCDZLEvdxg2fZfz1v8M4QpaGypq/WPDqg3ijHYbDfs+LG5hvzSoqaSZ9/Z9lKSP3CjZjv+pA==
  dependencies:
    "@babel/helper-validator-identifier" "^7.22.20"
    chalk "^2.4.2"
    js-tokens "^4.0.0"
    picocolors "^1.0.0"

"@jridgewell/gen-mapping@^0.3.5":
  version "0.3.5"
  resolved "https://registry.yarnpkg.com/@jridgewell/gen-mapping/-/gen-mapping-0.3.5.tgz#dcce6aff74bdf6dad1a95802b69b04a2fcb1fb36"
  integrity sha512-IzL8ZoEDIBRWEzlCcRhOaCupYyN5gdIK+Q6fbFdPDg6HqX6jpkItn7DFIpW9LQzXG6Df9sA7+OKnq0qlz/GaQg==
  dependencies:
    "@jridgewell/set-array" "^1.2.1"
    "@jridgewell/sourcemap-codec" "^1.4.10"
    "@jridgewell/trace-mapping" "^0.3.24"

"@jridgewell/resolve-uri@^3.1.0":
  version "3.1.2"
  resolved "https://registry.yarnpkg.com/@jridgewell/resolve-uri/-/resolve-uri-3.1.2.tgz#7a0ee601f60f99a20c7c7c5ff0c80388c1189bd6"
  integrity sha512-bRISgCIjP20/tbWSPWMEi54QVPRZExkuD9lJL+UIxUKtwVJA8wW1Trb1jMs1RFXo1CBTNZ/5hpC9QvmKWdopKw==

"@jridgewell/set-array@^1.2.1":
  version "1.2.1"
  resolved "https://registry.yarnpkg.com/@jridgewell/set-array/-/set-array-1.2.1.tgz#558fb6472ed16a4c850b889530e6b36438c49280"
  integrity sha512-R8gLRTZeyp03ymzP/6Lil/28tGeGEzhx1q2k703KGWRAI1VdvPIXdG70VJc2pAMw3NA6JKL5hhFu1sJX0Mnn/A==

"@jridgewell/source-map@^0.3.3":
  version "0.3.6"
  resolved "https://registry.yarnpkg.com/@jridgewell/source-map/-/source-map-0.3.6.tgz#9d71ca886e32502eb9362c9a74a46787c36df81a"
  integrity sha512-1ZJTZebgqllO79ue2bm3rIGud/bOe0pP5BjSRCRxxYkEZS8STV7zN84UBbiYu7jy+eCKSnVIUgoWWE/tt+shMQ==
  dependencies:
    "@jridgewell/gen-mapping" "^0.3.5"
    "@jridgewell/trace-mapping" "^0.3.25"

"@jridgewell/sourcemap-codec@^1.4.10", "@jridgewell/sourcemap-codec@^1.4.14":
  version "1.4.15"
  resolved "https://registry.yarnpkg.com/@jridgewell/sourcemap-codec/-/sourcemap-codec-1.4.15.tgz#d7c6e6755c78567a951e04ab52ef0fd26de59f32"
  integrity sha512-eF2rxCRulEKXHTRiDrDy6erMYWqNw4LPdQ8UQA4huuxaQsVeRPFl2oM8oDGxMFhJUWZf9McpLtJasDDZb/Bpeg==

"@jridgewell/trace-mapping@^0.3.24", "@jridgewell/trace-mapping@^0.3.25":
  version "0.3.25"
  resolved "https://registry.yarnpkg.com/@jridgewell/trace-mapping/-/trace-mapping-0.3.25.tgz#15f190e98895f3fc23276ee14bc76b675c2e50f0"
  integrity sha512-vNk6aEwybGtawWmy/PzwnGDOjCkLWSD2wqvjGGAgOAwCGWySYXfYoxt00IJkTF+8Lb57DwOb3Aa0o9CApepiYQ==
  dependencies:
    "@jridgewell/resolve-uri" "^3.1.0"
    "@jridgewell/sourcemap-codec" "^1.4.14"

"@noble/curves@^1.3.0":
  version "1.4.0"
  resolved "https://registry.yarnpkg.com/@noble/curves/-/curves-1.4.0.tgz#f05771ef64da724997f69ee1261b2417a49522d6"
  integrity sha512-p+4cb332SFCrReJkCYe8Xzm0OWi4Jji5jVdIZRL/PmacmDkFNw6MrrV+gGpiPxLHbV+zKFRywUWbaseT+tZRXg==
  dependencies:
    "@noble/hashes" "1.4.0"

"@noble/hashes@1.4.0", "@noble/hashes@^1.3.1", "@noble/hashes@^1.3.3":
  version "1.4.0"
  resolved "https://registry.yarnpkg.com/@noble/hashes/-/hashes-1.4.0.tgz#45814aa329f30e4fe0ba49426f49dfccdd066426"
  integrity sha512-V1JJ1WTRUqHHrOSh597hURcMqVKVGL/ea3kv0gSnEdsEZ0/+VyPghM1lMNGc00z7CIQorSvbKpuJkxvuHbvdbg==

"@polkadot-api/client@0.0.1-492c132563ea6b40ae1fc5470dec4cd18768d182.1.0":
  version "0.0.1-492c132563ea6b40ae1fc5470dec4cd18768d182.1.0"
  resolved "https://registry.yarnpkg.com/@polkadot-api/client/-/client-0.0.1-492c132563ea6b40ae1fc5470dec4cd18768d182.1.0.tgz#5d6b863f63f5c6ecd4183fcf0c5c84dd349f7627"
  integrity sha512-0fqK6pUKcGHSG2pBvY+gfSS+1mMdjd/qRygAcKI5d05tKsnZLRnmhb9laDguKmGEIB0Bz9vQqNK3gIN/cfvVwg==
  dependencies:
    "@polkadot-api/metadata-builders" "0.0.1-492c132563ea6b40ae1fc5470dec4cd18768d182.1.0"
    "@polkadot-api/substrate-bindings" "0.0.1-492c132563ea6b40ae1fc5470dec4cd18768d182.1.0"
    "@polkadot-api/substrate-client" "0.0.1-492c132563ea6b40ae1fc5470dec4cd18768d182.1.0"
    "@polkadot-api/utils" "0.0.1-492c132563ea6b40ae1fc5470dec4cd18768d182.1.0"

"@polkadot-api/json-rpc-provider-proxy@0.0.1-492c132563ea6b40ae1fc5470dec4cd18768d182.1.0":
  version "0.0.1-492c132563ea6b40ae1fc5470dec4cd18768d182.1.0"
  resolved "https://registry.yarnpkg.com/@polkadot-api/json-rpc-provider-proxy/-/json-rpc-provider-proxy-0.0.1-492c132563ea6b40ae1fc5470dec4cd18768d182.1.0.tgz#cc28fb801db6a47824261a709ab924ec6951eb96"
  integrity sha512-0hZ8vtjcsyCX8AyqP2sqUHa1TFFfxGWmlXJkit0Nqp9b32MwZqn5eaUAiV2rNuEpoglKOdKnkGtUF8t5MoodKw==

"@polkadot-api/json-rpc-provider@0.0.1-492c132563ea6b40ae1fc5470dec4cd18768d182.1.0":
  version "0.0.1-492c132563ea6b40ae1fc5470dec4cd18768d182.1.0"
  resolved "https://registry.yarnpkg.com/@polkadot-api/json-rpc-provider/-/json-rpc-provider-0.0.1-492c132563ea6b40ae1fc5470dec4cd18768d182.1.0.tgz#2f71bfb192d28dd4c400ef8b1c5f934c676950f3"
  integrity sha512-EaUS9Fc3wsiUr6ZS43PQqaRScW7kM6DYbuM/ou0aYjm8N9MBqgDbGm2oL6RE1vAVmOfEuHcXZuZkhzWtyvQUtA==

"@polkadot-api/metadata-builders@0.0.1-492c132563ea6b40ae1fc5470dec4cd18768d182.1.0":
  version "0.0.1-492c132563ea6b40ae1fc5470dec4cd18768d182.1.0"
  resolved "https://registry.yarnpkg.com/@polkadot-api/metadata-builders/-/metadata-builders-0.0.1-492c132563ea6b40ae1fc5470dec4cd18768d182.1.0.tgz#085db2a3c7b100626b2fae3be35a32a24ea7714f"
  integrity sha512-BD7rruxChL1VXt0icC2gD45OtT9ofJlql0qIllHSRYgama1CR2Owt+ApInQxB+lWqM+xNOznZRpj8CXNDvKIMg==
  dependencies:
    "@polkadot-api/substrate-bindings" "0.0.1-492c132563ea6b40ae1fc5470dec4cd18768d182.1.0"
    "@polkadot-api/utils" "0.0.1-492c132563ea6b40ae1fc5470dec4cd18768d182.1.0"

"@polkadot-api/substrate-bindings@0.0.1-492c132563ea6b40ae1fc5470dec4cd18768d182.1.0":
  version "0.0.1-492c132563ea6b40ae1fc5470dec4cd18768d182.1.0"
  resolved "https://registry.yarnpkg.com/@polkadot-api/substrate-bindings/-/substrate-bindings-0.0.1-492c132563ea6b40ae1fc5470dec4cd18768d182.1.0.tgz#f836a554a9ead6fb6356079c725cd53f87238932"
  integrity sha512-N4vdrZopbsw8k57uG58ofO7nLXM4Ai7835XqakN27MkjXMp5H830A1KJE0L9sGQR7ukOCDEIHHcwXVrzmJ/PBg==
  dependencies:
    "@noble/hashes" "^1.3.1"
    "@polkadot-api/utils" "0.0.1-492c132563ea6b40ae1fc5470dec4cd18768d182.1.0"
    "@scure/base" "^1.1.1"
    scale-ts "^1.6.0"

"@polkadot-api/substrate-client@0.0.1-492c132563ea6b40ae1fc5470dec4cd18768d182.1.0":
  version "0.0.1-492c132563ea6b40ae1fc5470dec4cd18768d182.1.0"
  resolved "https://registry.yarnpkg.com/@polkadot-api/substrate-client/-/substrate-client-0.0.1-492c132563ea6b40ae1fc5470dec4cd18768d182.1.0.tgz#55ae463f4143495e328465dd16b03e71663ef4c4"
  integrity sha512-lcdvd2ssUmB1CPzF8s2dnNOqbrDa+nxaaGbuts+Vo8yjgSKwds2Lo7Oq+imZN4VKW7t9+uaVcKFLMF7PdH0RWw==

"@polkadot-api/utils@0.0.1-492c132563ea6b40ae1fc5470dec4cd18768d182.1.0":
  version "0.0.1-492c132563ea6b40ae1fc5470dec4cd18768d182.1.0"
  resolved "https://registry.yarnpkg.com/@polkadot-api/utils/-/utils-0.0.1-492c132563ea6b40ae1fc5470dec4cd18768d182.1.0.tgz#759698dcf948745ea37cc5ab6abd49a00f1b0c31"
  integrity sha512-0CYaCjfLQJTCRCiYvZ81OncHXEKPzAexCMoVloR+v2nl/O2JRya/361MtPkeNLC6XBoaEgLAG9pWQpH3WePzsw==

"@polkadot/api-augment@10.13.1":
  version "10.13.1"
  resolved "https://registry.yarnpkg.com/@polkadot/api-augment/-/api-augment-10.13.1.tgz#dd3670a2f1a581c38b857ad3b0805b6581099c63"
  integrity sha512-IAKaCp19QxgOG4HKk9RAgUgC/VNVqymZ2GXfMNOZWImZhxRIbrK+raH5vN2MbWwtVHpjxyXvGsd1RRhnohI33A==
  dependencies:
    "@polkadot/api-base" "10.13.1"
    "@polkadot/rpc-augment" "10.13.1"
    "@polkadot/types" "10.13.1"
    "@polkadot/types-augment" "10.13.1"
    "@polkadot/types-codec" "10.13.1"
    "@polkadot/util" "^12.6.2"
    tslib "^2.6.2"

"@polkadot/api-base@10.13.1":
  version "10.13.1"
  resolved "https://registry.yarnpkg.com/@polkadot/api-base/-/api-base-10.13.1.tgz#efed5bb31e38244b6a68ce56138b97ad82101426"
  integrity sha512-Okrw5hjtEjqSMOG08J6qqEwlUQujTVClvY1/eZkzKwNzPelWrtV6vqfyJklB7zVhenlxfxqhZKKcY7zWSW/q5Q==
  dependencies:
    "@polkadot/rpc-core" "10.13.1"
    "@polkadot/types" "10.13.1"
    "@polkadot/util" "^12.6.2"
    rxjs "^7.8.1"
    tslib "^2.6.2"

"@polkadot/api-derive@10.13.1":
  version "10.13.1"
  resolved "https://registry.yarnpkg.com/@polkadot/api-derive/-/api-derive-10.13.1.tgz#d8827ee83124f3b3f664c415cdde9c6b909e5145"
  integrity sha512-ef0H0GeCZ4q5Om+c61eLLLL29UxFC2/u/k8V1K2JOIU+2wD5LF7sjAoV09CBMKKHfkLenRckVk2ukm4rBqFRpg==
  dependencies:
    "@polkadot/api" "10.13.1"
    "@polkadot/api-augment" "10.13.1"
    "@polkadot/api-base" "10.13.1"
    "@polkadot/rpc-core" "10.13.1"
    "@polkadot/types" "10.13.1"
    "@polkadot/types-codec" "10.13.1"
    "@polkadot/util" "^12.6.2"
    "@polkadot/util-crypto" "^12.6.2"
    rxjs "^7.8.1"
    tslib "^2.6.2"

"@polkadot/api@10.13.1", "@polkadot/api@^10.12.4", "@polkadot/api@^10.13.1":
  version "10.13.1"
  resolved "https://registry.yarnpkg.com/@polkadot/api/-/api-10.13.1.tgz#47586c070d3fe13a0acc93a8aa9c3a53791284fb"
  integrity sha512-YrKWR4TQR5CDyGkF0mloEUo7OsUA+bdtENpJGOtNavzOQUDEbxFE0PVzokzZfVfHhHX2CojPVmtzmmLxztyJkg==
  dependencies:
    "@polkadot/api-augment" "10.13.1"
    "@polkadot/api-base" "10.13.1"
    "@polkadot/api-derive" "10.13.1"
    "@polkadot/keyring" "^12.6.2"
    "@polkadot/rpc-augment" "10.13.1"
    "@polkadot/rpc-core" "10.13.1"
    "@polkadot/rpc-provider" "10.13.1"
    "@polkadot/types" "10.13.1"
    "@polkadot/types-augment" "10.13.1"
    "@polkadot/types-codec" "10.13.1"
    "@polkadot/types-create" "10.13.1"
    "@polkadot/types-known" "10.13.1"
    "@polkadot/util" "^12.6.2"
    "@polkadot/util-crypto" "^12.6.2"
    eventemitter3 "^5.0.1"
    rxjs "^7.8.1"
    tslib "^2.6.2"

"@polkadot/extension-dapp@^0.46.9":
  version "0.46.9"
  resolved "https://registry.yarnpkg.com/@polkadot/extension-dapp/-/extension-dapp-0.46.9.tgz#b80231a2dd04744d8bdfff41bcb7223316f353e2"
  integrity sha512-y5udSeQ/X9MEoyjlpTcCn0UAEjZ2jjy6U3V/jiVFQo5vBKhdqAhN1oN8X5c4yWurmhYM/7oibImxAjEoXuwH+Q==
  dependencies:
    "@polkadot/extension-inject" "0.46.9"
    "@polkadot/util" "^12.6.2"
    "@polkadot/util-crypto" "^12.6.2"
    tslib "^2.6.2"

"@polkadot/extension-inject@0.46.9", "@polkadot/extension-inject@^0.46.9":
  version "0.46.9"
  resolved "https://registry.yarnpkg.com/@polkadot/extension-inject/-/extension-inject-0.46.9.tgz#d4a8dbe27b2fda945d6410d0e22f6110a6befae1"
  integrity sha512-m0jnrs9+jEOpMH6OUNl7nHpz9SFFWK9LzuqB8T3htEE3RUYPL//SLCPyEKxAAgHu7F8dgkUHssAWQfANofALCQ==
  dependencies:
    "@polkadot/api" "^10.12.4"
    "@polkadot/rpc-provider" "^10.12.4"
    "@polkadot/types" "^10.12.4"
    "@polkadot/util" "^12.6.2"
    "@polkadot/util-crypto" "^12.6.2"
    "@polkadot/x-global" "^12.6.2"
    tslib "^2.6.2"

"@polkadot/keyring@^12.6.2":
  version "12.6.2"
  resolved "https://registry.yarnpkg.com/@polkadot/keyring/-/keyring-12.6.2.tgz#6067e6294fee23728b008ac116e7e9db05cecb9b"
  integrity sha512-O3Q7GVmRYm8q7HuB3S0+Yf/q/EB2egKRRU3fv9b3B7V+A52tKzA+vIwEmNVaD1g5FKW9oB97rmpggs0zaKFqHw==
  dependencies:
    "@polkadot/util" "12.6.2"
    "@polkadot/util-crypto" "12.6.2"
    tslib "^2.6.2"

"@polkadot/networks@12.6.2", "@polkadot/networks@^12.6.2":
  version "12.6.2"
  resolved "https://registry.yarnpkg.com/@polkadot/networks/-/networks-12.6.2.tgz#791779fee1d86cc5b6cd371858eea9b7c3f8720d"
  integrity sha512-1oWtZm1IvPWqvMrldVH6NI2gBoCndl5GEwx7lAuQWGr7eNL+6Bdc5K3Z9T0MzFvDGoi2/CBqjX9dRKo39pDC/w==
  dependencies:
    "@polkadot/util" "12.6.2"
    "@substrate/ss58-registry" "^1.44.0"
    tslib "^2.6.2"

"@polkadot/rpc-augment@10.13.1":
  version "10.13.1"
  resolved "https://registry.yarnpkg.com/@polkadot/rpc-augment/-/rpc-augment-10.13.1.tgz#83317b46c5ab86104cca2bdc336199db0c25b798"
  integrity sha512-iLsWUW4Jcx3DOdVrSHtN0biwxlHuTs4QN2hjJV0gd0jo7W08SXhWabZIf9mDmvUJIbR7Vk+9amzvegjRyIf5+A==
  dependencies:
    "@polkadot/rpc-core" "10.13.1"
    "@polkadot/types" "10.13.1"
    "@polkadot/types-codec" "10.13.1"
    "@polkadot/util" "^12.6.2"
    tslib "^2.6.2"

"@polkadot/rpc-core@10.13.1":
  version "10.13.1"
  resolved "https://registry.yarnpkg.com/@polkadot/rpc-core/-/rpc-core-10.13.1.tgz#a7ea9db8997b68aa6724f28ba76125a73e925575"
  integrity sha512-eoejSHa+/tzHm0vwic62/aptTGbph8vaBpbvLIK7gd00+rT813ROz5ckB1CqQBFB23nHRLuzzX/toY8ID3xrKw==
  dependencies:
    "@polkadot/rpc-augment" "10.13.1"
    "@polkadot/rpc-provider" "10.13.1"
    "@polkadot/types" "10.13.1"
    "@polkadot/util" "^12.6.2"
    rxjs "^7.8.1"
    tslib "^2.6.2"

"@polkadot/rpc-provider@10.13.1", "@polkadot/rpc-provider@^10.12.4":
  version "10.13.1"
  resolved "https://registry.yarnpkg.com/@polkadot/rpc-provider/-/rpc-provider-10.13.1.tgz#7e17f7be7d9a104b797d8f5aa8f1ed69f800f841"
  integrity sha512-oJ7tatVXYJ0L7NpNiGd69D558HG5y5ZDmH2Bp9Dd4kFTQIiV8A39SlWwWUPCjSsen9lqSvvprNLnG/VHTpenbw==
  dependencies:
    "@polkadot/keyring" "^12.6.2"
    "@polkadot/types" "10.13.1"
    "@polkadot/types-support" "10.13.1"
    "@polkadot/util" "^12.6.2"
    "@polkadot/util-crypto" "^12.6.2"
    "@polkadot/x-fetch" "^12.6.2"
    "@polkadot/x-global" "^12.6.2"
    "@polkadot/x-ws" "^12.6.2"
    eventemitter3 "^5.0.1"
    mock-socket "^9.3.1"
    nock "^13.5.0"
    tslib "^2.6.2"
  optionalDependencies:
    "@substrate/connect" "0.8.8"

"@polkadot/types-augment@10.13.1":
  version "10.13.1"
  resolved "https://registry.yarnpkg.com/@polkadot/types-augment/-/types-augment-10.13.1.tgz#8f39a46a1a3e100be03cbae06f43a043cb25c337"
  integrity sha512-TcrLhf95FNFin61qmVgOgayzQB/RqVsSg9thAso1Fh6pX4HSbvI35aGPBAn3SkA6R+9/TmtECirpSNLtIGFn0g==
  dependencies:
    "@polkadot/types" "10.13.1"
    "@polkadot/types-codec" "10.13.1"
    "@polkadot/util" "^12.6.2"
    tslib "^2.6.2"

"@polkadot/types-codec@10.13.1":
  version "10.13.1"
  resolved "https://registry.yarnpkg.com/@polkadot/types-codec/-/types-codec-10.13.1.tgz#f70cd617160b467685ef3ce5195a04142255ba7b"
  integrity sha512-AiQ2Vv2lbZVxEdRCN8XSERiWlOWa2cTDLnpAId78EnCtx4HLKYQSd+Jk9Y4BgO35R79mchK4iG+w6gZ+ukG2bg==
  dependencies:
    "@polkadot/util" "^12.6.2"
    "@polkadot/x-bigint" "^12.6.2"
    tslib "^2.6.2"

"@polkadot/types-create@10.13.1":
  version "10.13.1"
  resolved "https://registry.yarnpkg.com/@polkadot/types-create/-/types-create-10.13.1.tgz#99470816d0d2ca32a6a5ce6d701b4199e8700f66"
  integrity sha512-Usn1jqrz35SXgCDAqSXy7mnD6j4RvB4wyzTAZipFA6DGmhwyxxIgOzlWQWDb+1PtPKo9vtMzen5IJ+7w5chIeA==
  dependencies:
    "@polkadot/types-codec" "10.13.1"
    "@polkadot/util" "^12.6.2"
    tslib "^2.6.2"

"@polkadot/types-known@10.13.1":
  version "10.13.1"
  resolved "https://registry.yarnpkg.com/@polkadot/types-known/-/types-known-10.13.1.tgz#8cca2d3f2c4ef67849f66ba4a35856063ec61f5f"
  integrity sha512-uHjDW05EavOT5JeU8RbiFWTgPilZ+odsCcuEYIJGmK+es3lk/Qsdns9Zb7U7NJl7eJ6OWmRtyrWsLs+bU+jjIQ==
  dependencies:
    "@polkadot/networks" "^12.6.2"
    "@polkadot/types" "10.13.1"
    "@polkadot/types-codec" "10.13.1"
    "@polkadot/types-create" "10.13.1"
    "@polkadot/util" "^12.6.2"
    tslib "^2.6.2"

"@polkadot/types-support@10.13.1":
  version "10.13.1"
  resolved "https://registry.yarnpkg.com/@polkadot/types-support/-/types-support-10.13.1.tgz#d4b58c8d9bcbb8e897a255d9a66c217dcaa6ead4"
  integrity sha512-4gEPfz36XRQIY7inKq0HXNVVhR6HvXtm7yrEmuBuhM86LE0lQQBkISUSgR358bdn2OFSLMxMoRNoh3kcDvdGDQ==
  dependencies:
    "@polkadot/util" "^12.6.2"
    tslib "^2.6.2"

"@polkadot/types@10.13.1", "@polkadot/types@^10.12.4":
  version "10.13.1"
  resolved "https://registry.yarnpkg.com/@polkadot/types/-/types-10.13.1.tgz#979d652dc11af9cb8b32e7a55839e9762532755d"
  integrity sha512-Hfvg1ZgJlYyzGSAVrDIpp3vullgxrjOlh/CSThd/PI4TTN1qHoPSFm2hs77k3mKkOzg+LrWsLE0P/LP2XddYcw==
  dependencies:
    "@polkadot/keyring" "^12.6.2"
    "@polkadot/types-augment" "10.13.1"
    "@polkadot/types-codec" "10.13.1"
    "@polkadot/types-create" "10.13.1"
    "@polkadot/util" "^12.6.2"
    "@polkadot/util-crypto" "^12.6.2"
    rxjs "^7.8.1"
    tslib "^2.6.2"

"@polkadot/util-crypto@12.6.2", "@polkadot/util-crypto@^12.6.2":
  version "12.6.2"
  resolved "https://registry.yarnpkg.com/@polkadot/util-crypto/-/util-crypto-12.6.2.tgz#d2d51010e8e8ca88951b7d864add797dad18bbfc"
  integrity sha512-FEWI/dJ7wDMNN1WOzZAjQoIcCP/3vz3wvAp5QQm+lOrzOLj0iDmaIGIcBkz8HVm3ErfSe/uKP0KS4jgV/ib+Mg==
  dependencies:
    "@noble/curves" "^1.3.0"
    "@noble/hashes" "^1.3.3"
    "@polkadot/networks" "12.6.2"
    "@polkadot/util" "12.6.2"
    "@polkadot/wasm-crypto" "^7.3.2"
    "@polkadot/wasm-util" "^7.3.2"
    "@polkadot/x-bigint" "12.6.2"
    "@polkadot/x-randomvalues" "12.6.2"
    "@scure/base" "^1.1.5"
    tslib "^2.6.2"

"@polkadot/util@12.6.2", "@polkadot/util@^12.6.2":
  version "12.6.2"
  resolved "https://registry.yarnpkg.com/@polkadot/util/-/util-12.6.2.tgz#9396eff491221e1f0fd28feac55fc16ecd61a8dc"
  integrity sha512-l8TubR7CLEY47240uki0TQzFvtnxFIO7uI/0GoWzpYD/O62EIAMRsuY01N4DuwgKq2ZWD59WhzsLYmA5K6ksdw==
  dependencies:
    "@polkadot/x-bigint" "12.6.2"
    "@polkadot/x-global" "12.6.2"
    "@polkadot/x-textdecoder" "12.6.2"
    "@polkadot/x-textencoder" "12.6.2"
    "@types/bn.js" "^5.1.5"
    bn.js "^5.2.1"
    tslib "^2.6.2"

"@polkadot/wasm-bridge@7.3.2":
  version "7.3.2"
  resolved "https://registry.yarnpkg.com/@polkadot/wasm-bridge/-/wasm-bridge-7.3.2.tgz#e1b01906b19e06cbca3d94f10f5666f2ae0baadc"
  integrity sha512-AJEXChcf/nKXd5Q/YLEV5dXQMle3UNT7jcXYmIffZAo/KI394a+/24PaISyQjoNC0fkzS1Q8T5pnGGHmXiVz2g==
  dependencies:
    "@polkadot/wasm-util" "7.3.2"
    tslib "^2.6.2"

"@polkadot/wasm-crypto-asmjs@7.3.2":
  version "7.3.2"
  resolved "https://registry.yarnpkg.com/@polkadot/wasm-crypto-asmjs/-/wasm-crypto-asmjs-7.3.2.tgz#c6d41bc4b48b5359d57a24ca3066d239f2d70a34"
  integrity sha512-QP5eiUqUFur/2UoF2KKKYJcesc71fXhQFLT3D4ZjG28Mfk2ZPI0QNRUfpcxVQmIUpV5USHg4geCBNuCYsMm20Q==
  dependencies:
    tslib "^2.6.2"

"@polkadot/wasm-crypto-init@7.3.2":
  version "7.3.2"
  resolved "https://registry.yarnpkg.com/@polkadot/wasm-crypto-init/-/wasm-crypto-init-7.3.2.tgz#7e1fe79ba978fb0a4a0f74a92d976299d38bc4b8"
  integrity sha512-FPq73zGmvZtnuJaFV44brze3Lkrki3b4PebxCy9Fplw8nTmisKo9Xxtfew08r0njyYh+uiJRAxPCXadkC9sc8g==
  dependencies:
    "@polkadot/wasm-bridge" "7.3.2"
    "@polkadot/wasm-crypto-asmjs" "7.3.2"
    "@polkadot/wasm-crypto-wasm" "7.3.2"
    "@polkadot/wasm-util" "7.3.2"
    tslib "^2.6.2"

"@polkadot/wasm-crypto-wasm@7.3.2":
  version "7.3.2"
  resolved "https://registry.yarnpkg.com/@polkadot/wasm-crypto-wasm/-/wasm-crypto-wasm-7.3.2.tgz#44e08ed5cf6499ce4a3aa7247071a5d01f6a74f4"
  integrity sha512-15wd0EMv9IXs5Abp1ZKpKKAVyZPhATIAHfKsyoWCEFDLSOA0/K0QGOxzrAlsrdUkiKZOq7uzSIgIDgW8okx2Mw==
  dependencies:
    "@polkadot/wasm-util" "7.3.2"
    tslib "^2.6.2"

"@polkadot/wasm-crypto@^7.3.2":
  version "7.3.2"
  resolved "https://registry.yarnpkg.com/@polkadot/wasm-crypto/-/wasm-crypto-7.3.2.tgz#61bbcd9e591500705c8c591e6aff7654bdc8afc9"
  integrity sha512-+neIDLSJ6jjVXsjyZ5oLSv16oIpwp+PxFqTUaZdZDoA2EyFRQB8pP7+qLsMNk+WJuhuJ4qXil/7XiOnZYZ+wxw==
  dependencies:
    "@polkadot/wasm-bridge" "7.3.2"
    "@polkadot/wasm-crypto-asmjs" "7.3.2"
    "@polkadot/wasm-crypto-init" "7.3.2"
    "@polkadot/wasm-crypto-wasm" "7.3.2"
    "@polkadot/wasm-util" "7.3.2"
    tslib "^2.6.2"

"@polkadot/wasm-util@7.3.2", "@polkadot/wasm-util@^7.3.2":
  version "7.3.2"
  resolved "https://registry.yarnpkg.com/@polkadot/wasm-util/-/wasm-util-7.3.2.tgz#4fe6370d2b029679b41a5c02cd7ebf42f9b28de1"
  integrity sha512-bmD+Dxo1lTZyZNxbyPE380wd82QsX+43mgCm40boyKrRppXEyQmWT98v/Poc7chLuskYb6X8IQ6lvvK2bGR4Tg==
  dependencies:
    tslib "^2.6.2"

"@polkadot/x-bigint@12.6.2", "@polkadot/x-bigint@^12.6.2":
  version "12.6.2"
  resolved "https://registry.yarnpkg.com/@polkadot/x-bigint/-/x-bigint-12.6.2.tgz#59b7a615f205ae65e1ac67194aefde94d3344580"
  integrity sha512-HSIk60uFPX4GOFZSnIF7VYJz7WZA7tpFJsne7SzxOooRwMTWEtw3fUpFy5cYYOeLh17/kHH1Y7SVcuxzVLc74Q==
  dependencies:
    "@polkadot/x-global" "12.6.2"
    tslib "^2.6.2"

"@polkadot/x-fetch@^12.6.2":
  version "12.6.2"
  resolved "https://registry.yarnpkg.com/@polkadot/x-fetch/-/x-fetch-12.6.2.tgz#b1bca028db90263bafbad2636c18d838d842d439"
  integrity sha512-8wM/Z9JJPWN1pzSpU7XxTI1ldj/AfC8hKioBlUahZ8gUiJaOF7K9XEFCrCDLis/A1BoOu7Ne6WMx/vsJJIbDWw==
  dependencies:
    "@polkadot/x-global" "12.6.2"
    node-fetch "^3.3.2"
    tslib "^2.6.2"

"@polkadot/x-global@12.6.2", "@polkadot/x-global@^12.6.2":
  version "12.6.2"
  resolved "https://registry.yarnpkg.com/@polkadot/x-global/-/x-global-12.6.2.tgz#31d4de1c3d4c44e4be3219555a6d91091decc4ec"
  integrity sha512-a8d6m+PW98jmsYDtAWp88qS4dl8DyqUBsd0S+WgyfSMtpEXu6v9nXDgPZgwF5xdDvXhm+P0ZfVkVTnIGrScb5g==
  dependencies:
    tslib "^2.6.2"

"@polkadot/x-randomvalues@12.6.2":
  version "12.6.2"
  resolved "https://registry.yarnpkg.com/@polkadot/x-randomvalues/-/x-randomvalues-12.6.2.tgz#13fe3619368b8bf5cb73781554859b5ff9d900a2"
  integrity sha512-Vr8uG7rH2IcNJwtyf5ebdODMcr0XjoCpUbI91Zv6AlKVYOGKZlKLYJHIwpTaKKB+7KPWyQrk4Mlym/rS7v9feg==
  dependencies:
    "@polkadot/x-global" "12.6.2"
    tslib "^2.6.2"

"@polkadot/x-textdecoder@12.6.2":
  version "12.6.2"
  resolved "https://registry.yarnpkg.com/@polkadot/x-textdecoder/-/x-textdecoder-12.6.2.tgz#b86da0f8e8178f1ca31a7158257e92aea90b10e4"
  integrity sha512-M1Bir7tYvNappfpFWXOJcnxUhBUFWkUFIdJSyH0zs5LmFtFdbKAeiDXxSp2Swp5ddOZdZgPac294/o2TnQKN1w==
  dependencies:
    "@polkadot/x-global" "12.6.2"
    tslib "^2.6.2"

"@polkadot/x-textencoder@12.6.2":
  version "12.6.2"
  resolved "https://registry.yarnpkg.com/@polkadot/x-textencoder/-/x-textencoder-12.6.2.tgz#81d23bd904a2c36137a395c865c5fefa21abfb44"
  integrity sha512-4N+3UVCpI489tUJ6cv3uf0PjOHvgGp9Dl+SZRLgFGt9mvxnvpW/7+XBADRMtlG4xi5gaRK7bgl5bmY6OMDsNdw==
  dependencies:
    "@polkadot/x-global" "12.6.2"
    tslib "^2.6.2"

"@polkadot/x-ws@^12.6.2":
  version "12.6.2"
  resolved "https://registry.yarnpkg.com/@polkadot/x-ws/-/x-ws-12.6.2.tgz#b99094d8e53a03be1de903d13ba59adaaabc767a"
  integrity sha512-cGZWo7K5eRRQCRl2LrcyCYsrc3lRbTlixZh3AzgU8uX4wASVGRlNWi/Hf4TtHNe1ExCDmxabJzdIsABIfrr7xw==
  dependencies:
    "@polkadot/x-global" "12.6.2"
    tslib "^2.6.2"
    ws "^8.15.1"

"@rollup/rollup-android-arm-eabi@4.14.3":
  version "4.14.3"
  resolved "https://registry.yarnpkg.com/@rollup/rollup-android-arm-eabi/-/rollup-android-arm-eabi-4.14.3.tgz#bddf05c3387d02fac04b6b86b3a779337edfed75"
  integrity sha512-X9alQ3XM6I9IlSlmC8ddAvMSyG1WuHk5oUnXGw+yUBs3BFoTizmG1La/Gr8fVJvDWAq+zlYTZ9DBgrlKRVY06g==

"@rollup/rollup-android-arm64@4.14.3":
  version "4.14.3"
  resolved "https://registry.yarnpkg.com/@rollup/rollup-android-arm64/-/rollup-android-arm64-4.14.3.tgz#b26bd09de58704c0a45e3375b76796f6eda825e4"
  integrity sha512-eQK5JIi+POhFpzk+LnjKIy4Ks+pwJ+NXmPxOCSvOKSNRPONzKuUvWE+P9JxGZVxrtzm6BAYMaL50FFuPe0oWMQ==

"@rollup/rollup-darwin-arm64@4.14.3":
  version "4.14.3"
  resolved "https://registry.yarnpkg.com/@rollup/rollup-darwin-arm64/-/rollup-darwin-arm64-4.14.3.tgz#c5f3fd1aa285b6d33dda6e3f3ca395f8c37fd5ca"
  integrity sha512-Od4vE6f6CTT53yM1jgcLqNfItTsLt5zE46fdPaEmeFHvPs5SjZYlLpHrSiHEKR1+HdRfxuzXHjDOIxQyC3ptBA==

"@rollup/rollup-darwin-x64@4.14.3":
  version "4.14.3"
  resolved "https://registry.yarnpkg.com/@rollup/rollup-darwin-x64/-/rollup-darwin-x64-4.14.3.tgz#8e4673734d7dc9d68f6d48e81246055cda0e840f"
  integrity sha512-0IMAO21axJeNIrvS9lSe/PGthc8ZUS+zC53O0VhF5gMxfmcKAP4ESkKOCwEi6u2asUrt4mQv2rjY8QseIEb1aw==

"@rollup/rollup-linux-arm-gnueabihf@4.14.3":
  version "4.14.3"
  resolved "https://registry.yarnpkg.com/@rollup/rollup-linux-arm-gnueabihf/-/rollup-linux-arm-gnueabihf-4.14.3.tgz#53ed38eb13b58ababdb55a7f66f0538a7f85dcba"
  integrity sha512-ge2DC7tHRHa3caVEoSbPRJpq7azhG+xYsd6u2MEnJ6XzPSzQsTKyXvh6iWjXRf7Rt9ykIUWHtl0Uz3T6yXPpKw==

"@rollup/rollup-linux-arm-musleabihf@4.14.3":
  version "4.14.3"
  resolved "https://registry.yarnpkg.com/@rollup/rollup-linux-arm-musleabihf/-/rollup-linux-arm-musleabihf-4.14.3.tgz#0706ee38330e267a5c9326956820f009cfb21fcd"
  integrity sha512-ljcuiDI4V3ySuc7eSk4lQ9wU8J8r8KrOUvB2U+TtK0TiW6OFDmJ+DdIjjwZHIw9CNxzbmXY39wwpzYuFDwNXuw==

"@rollup/rollup-linux-arm64-gnu@4.14.3":
  version "4.14.3"
  resolved "https://registry.yarnpkg.com/@rollup/rollup-linux-arm64-gnu/-/rollup-linux-arm64-gnu-4.14.3.tgz#426fce7b8b242ac5abd48a10a5020f5a468c6cb4"
  integrity sha512-Eci2us9VTHm1eSyn5/eEpaC7eP/mp5n46gTRB3Aar3BgSvDQGJZuicyq6TsH4HngNBgVqC5sDYxOzTExSU+NjA==

"@rollup/rollup-linux-arm64-musl@4.14.3":
  version "4.14.3"
  resolved "https://registry.yarnpkg.com/@rollup/rollup-linux-arm64-musl/-/rollup-linux-arm64-musl-4.14.3.tgz#65bf944530d759b50d7ffd00dfbdf4125a43406f"
  integrity sha512-UrBoMLCq4E92/LCqlh+blpqMz5h1tJttPIniwUgOFJyjWI1qrtrDhhpHPuFxULlUmjFHfloWdixtDhSxJt5iKw==

"@rollup/rollup-linux-powerpc64le-gnu@4.14.3":
  version "4.14.3"
  resolved "https://registry.yarnpkg.com/@rollup/rollup-linux-powerpc64le-gnu/-/rollup-linux-powerpc64le-gnu-4.14.3.tgz#494ba3b31095e9a45df9c3f646d21400fb631a95"
  integrity sha512-5aRjvsS8q1nWN8AoRfrq5+9IflC3P1leMoy4r2WjXyFqf3qcqsxRCfxtZIV58tCxd+Yv7WELPcO9mY9aeQyAmw==

"@rollup/rollup-linux-riscv64-gnu@4.14.3":
  version "4.14.3"
  resolved "https://registry.yarnpkg.com/@rollup/rollup-linux-riscv64-gnu/-/rollup-linux-riscv64-gnu-4.14.3.tgz#8b88ed0a40724cce04aa15374ebe5ba4092d679f"
  integrity sha512-sk/Qh1j2/RJSX7FhEpJn8n0ndxy/uf0kI/9Zc4b1ELhqULVdTfN6HL31CDaTChiBAOgLcsJ1sgVZjWv8XNEsAQ==

"@rollup/rollup-linux-s390x-gnu@4.14.3":
  version "4.14.3"
  resolved "https://registry.yarnpkg.com/@rollup/rollup-linux-s390x-gnu/-/rollup-linux-s390x-gnu-4.14.3.tgz#09c9e5ec57a0f6ec3551272c860bb9a04b96d70f"
  integrity sha512-jOO/PEaDitOmY9TgkxF/TQIjXySQe5KVYB57H/8LRP/ux0ZoO8cSHCX17asMSv3ruwslXW/TLBcxyaUzGRHcqg==

"@rollup/rollup-linux-x64-gnu@4.14.3":
  version "4.14.3"
  resolved "https://registry.yarnpkg.com/@rollup/rollup-linux-x64-gnu/-/rollup-linux-x64-gnu-4.14.3.tgz#197f27fd481ad9c861021d5cbbf21793922a631c"
  integrity sha512-8ybV4Xjy59xLMyWo3GCfEGqtKV5M5gCSrZlxkPGvEPCGDLNla7v48S662HSGwRd6/2cSneMQWiv+QzcttLrrOA==

"@rollup/rollup-linux-x64-musl@4.14.3":
  version "4.14.3"
  resolved "https://registry.yarnpkg.com/@rollup/rollup-linux-x64-musl/-/rollup-linux-x64-musl-4.14.3.tgz#5cc0522f4942f2df625e9bfb6fb02c6580ffbce6"
  integrity sha512-s+xf1I46trOY10OqAtZ5Rm6lzHre/UiLA1J2uOhCFXWkbZrJRkYBPO6FhvGfHmdtQ3Bx793MNa7LvoWFAm93bg==

"@rollup/rollup-win32-arm64-msvc@4.14.3":
  version "4.14.3"
  resolved "https://registry.yarnpkg.com/@rollup/rollup-win32-arm64-msvc/-/rollup-win32-arm64-msvc-4.14.3.tgz#a648122389d23a7543b261fba082e65fefefe4f6"
  integrity sha512-+4h2WrGOYsOumDQ5S2sYNyhVfrue+9tc9XcLWLh+Kw3UOxAvrfOrSMFon60KspcDdytkNDh7K2Vs6eMaYImAZg==

"@rollup/rollup-win32-ia32-msvc@4.14.3":
  version "4.14.3"
  resolved "https://registry.yarnpkg.com/@rollup/rollup-win32-ia32-msvc/-/rollup-win32-ia32-msvc-4.14.3.tgz#34727b5c7953c35fc6e1ae4f770ad3a2025f8e03"
  integrity sha512-T1l7y/bCeL/kUwh9OD4PQT4aM7Bq43vX05htPJJ46RTI4r5KNt6qJRzAfNfM+OYMNEVBWQzR2Gyk+FXLZfogGw==

"@rollup/rollup-win32-x64-msvc@4.14.3":
  version "4.14.3"
  resolved "https://registry.yarnpkg.com/@rollup/rollup-win32-x64-msvc/-/rollup-win32-x64-msvc-4.14.3.tgz#5b2fb4d8cd44c05deef8a7b0e6deb9ccb8939d18"
  integrity sha512-/BypzV0H1y1HzgYpxqRaXGBRqfodgoBBCcsrujT6QRcakDQdfU+Lq9PENPh5jB4I44YWq+0C2eHsHya+nZY1sA==

"@scure/base@^1.1.1", "@scure/base@^1.1.5":
  version "1.1.6"
  resolved "https://registry.yarnpkg.com/@scure/base/-/base-1.1.6.tgz#8ce5d304b436e4c84f896e0550c83e4d88cb917d"
  integrity sha512-ok9AWwhcgYuGG3Zfhyqg+zwl+Wn5uE+dwC0NV/2qQkx4dABbb/bx96vWu8NSj+BNjjSjno+JRYRjle1jV08k3g==

"@substrate/connect-extension-protocol@^2.0.0":
  version "2.0.0"
  resolved "https://registry.yarnpkg.com/@substrate/connect-extension-protocol/-/connect-extension-protocol-2.0.0.tgz#badaa6e6b5f7c7d56987d778f4944ddb83cd9ea7"
  integrity sha512-nKu8pDrE3LNCEgJjZe1iGXzaD6OSIDD4Xzz/yo4KO9mQ6LBvf49BVrt4qxBFGL6++NneLiWUZGoh+VSd4PyVIg==

"@substrate/connect-known-chains@^1.1.1":
  version "1.1.4"
  resolved "https://registry.yarnpkg.com/@substrate/connect-known-chains/-/connect-known-chains-1.1.4.tgz#1b0b4b19c7bd0c1b3ed6f567a22e9fb9c42b8e64"
  integrity sha512-iT+BdKqvKl/uBLd8BAJysFM1BaMZXRkaXBP2B7V7ob/EyNs5h0EMhTVbO6MJxV/IEOg5OKsyl6FUqQK7pKnqyw==

"@substrate/connect@0.8.8":
  version "0.8.8"
  resolved "https://registry.yarnpkg.com/@substrate/connect/-/connect-0.8.8.tgz#80879f2241e2bd4f24a9aa25d7997fd91a5e68e3"
  integrity sha512-zwaxuNEVI9bGt0rT8PEJiXOyebLIo6QN1SyiAHRPBOl6g3Sy0KKdSN8Jmyn++oXhVRD8aIe75/V8ZkS81T+BPQ==
  dependencies:
    "@substrate/connect-extension-protocol" "^2.0.0"
    "@substrate/connect-known-chains" "^1.1.1"
    "@substrate/light-client-extension-helpers" "^0.0.4"
    smoldot "2.0.22"

"@substrate/light-client-extension-helpers@^0.0.4":
  version "0.0.4"
  resolved "https://registry.yarnpkg.com/@substrate/light-client-extension-helpers/-/light-client-extension-helpers-0.0.4.tgz#a5958d5c1aac7df69f55bd90991aa935500f8124"
  integrity sha512-vfKcigzL0SpiK+u9sX6dq2lQSDtuFLOxIJx2CKPouPEHIs8C+fpsufn52r19GQn+qDhU8POMPHOVoqLktj8UEA==
  dependencies:
    "@polkadot-api/client" "0.0.1-492c132563ea6b40ae1fc5470dec4cd18768d182.1.0"
    "@polkadot-api/json-rpc-provider" "0.0.1-492c132563ea6b40ae1fc5470dec4cd18768d182.1.0"
    "@polkadot-api/json-rpc-provider-proxy" "0.0.1-492c132563ea6b40ae1fc5470dec4cd18768d182.1.0"
    "@polkadot-api/substrate-client" "0.0.1-492c132563ea6b40ae1fc5470dec4cd18768d182.1.0"
    "@substrate/connect-extension-protocol" "^2.0.0"
    "@substrate/connect-known-chains" "^1.1.1"
    rxjs "^7.8.1"

"@substrate/ss58-registry@^1.44.0":
  version "1.47.0"
  resolved "https://registry.yarnpkg.com/@substrate/ss58-registry/-/ss58-registry-1.47.0.tgz#99b11fd3c16657f5eae483b3df7c545ca756d1fc"
  integrity sha512-6kuIJedRcisUJS2pgksEH2jZf3hfSIVzqtFzs/AyjTW3ETbMg5q1Bb7VWa0WYaT6dTrEXp/6UoXM5B9pSIUmcw==

"@types/bn.js@^5.1.5":
  version "5.1.5"
  resolved "https://registry.yarnpkg.com/@types/bn.js/-/bn.js-5.1.5.tgz#2e0dacdcce2c0f16b905d20ff87aedbc6f7b4bf0"
  integrity sha512-V46N0zwKRF5Q00AZ6hWtN0T8gGmDUaUzLWQvHFo5yThtVwK/VCenFY3wXVbOvNfajEpsTfQM4IN9k/d6gUVX3A==
  dependencies:
    "@types/node" "*"

"@types/estree@1.0.5":
  version "1.0.5"
  resolved "https://registry.yarnpkg.com/@types/estree/-/estree-1.0.5.tgz#a6ce3e556e00fd9895dd872dd172ad0d4bd687f4"
  integrity sha512-/kYRxGDLWzHOB7q+wtSUQlFrtcdUccpfy+X+9iMBpHK8QLLhx2wIPYuS5DYtR9Wa/YlZAbIovy7qVdB1Aq6Lyw==

"@types/node@*":
  version "20.12.7"
  resolved "https://registry.yarnpkg.com/@types/node/-/node-20.12.7.tgz#04080362fa3dd6c5822061aa3124f5c152cff384"
  integrity sha512-wq0cICSkRLVaf3UGLMGItu/PtdY7oaXaI/RVU+xliKVOtRna3PRY57ZDfztpDL0n11vfymMUnXv8QwYCO7L1wg==
  dependencies:
    undici-types "~5.26.4"

"@types/prop-types@*":
  version "15.7.12"
  resolved "https://registry.yarnpkg.com/@types/prop-types/-/prop-types-15.7.12.tgz#12bb1e2be27293c1406acb6af1c3f3a1481d98c6"
  integrity sha512-5zvhXYtRNRluoE/jAp4GVsSduVUzNWKkOZrCDBWYtE7biZywwdC2AcEzg+cSMLFRfVgeAFqpfNabiPjxFddV1Q==

"@types/react-dom@^18.2.25":
  version "18.2.25"
  resolved "https://registry.yarnpkg.com/@types/react-dom/-/react-dom-18.2.25.tgz#2946a30081f53e7c8d585eb138277245caedc521"
  integrity sha512-o/V48vf4MQh7juIKZU2QGDfli6p1+OOi5oXx36Hffpc9adsHeXjVp8rHuPkjd8VT8sOJ2Zp05HR7CdpGTIUFUA==
  dependencies:
    "@types/react" "*"

"@types/react@*", "@types/react@^18.2.79":
  version "18.2.79"
  resolved "https://registry.yarnpkg.com/@types/react/-/react-18.2.79.tgz#c40efb4f255711f554d47b449f796d1c7756d865"
  integrity sha512-RwGAGXPl9kSXwdNTafkOEuFrTBD5SA2B3iEB96xi8+xu5ddUa/cpvyVCSNn+asgLCTHkb5ZxN8gbuibYJi4s1w==
  dependencies:
    "@types/prop-types" "*"
    csstype "^3.0.2"

acorn@^8.8.2:
  version "8.11.3"
  resolved "https://registry.yarnpkg.com/acorn/-/acorn-8.11.3.tgz#71e0b14e13a4ec160724b38fb7b0f233b1b81d7a"
  integrity sha512-Y9rRfJG5jcKOE0CLisYbojUjIrIEE7AGMzA/Sm4BslANhbS+cDMpgBdcPT91oJ7OuJ9hYJBx59RjbhxVnrF8Xg==

ansi-styles@^3.2.1:
  version "3.2.1"
  resolved "https://registry.yarnpkg.com/ansi-styles/-/ansi-styles-3.2.1.tgz#41fbb20243e50b12be0f04b8dedbf07520ce841d"
  integrity sha512-VT0ZI6kZRdTh8YyJw3SMbYm/u+NqfsAxEpWO0Pf9sq8/e94WxxOpPKx9FR1FlyCtOVDNOQ+8ntlqFxiRc+r5qA==
  dependencies:
    color-convert "^1.9.0"

bn.js@^5.2.1:
  version "5.2.1"
  resolved "https://registry.yarnpkg.com/bn.js/-/bn.js-5.2.1.tgz#0bc527a6a0d18d0aa8d5b0538ce4a77dccfa7b70"
  integrity sha512-eXRvHzWyYPBuB4NBy0cmYQjGitUrtqwbvlzP3G6VFnNRbsZQIxQ10PbKKHt8gZ/HW/D/747aDl+QkDqg3KQLMQ==

buffer-from@^1.0.0:
  version "1.1.2"
  resolved "https://registry.yarnpkg.com/buffer-from/-/buffer-from-1.1.2.tgz#2b146a6fd72e80b4f55d255f35ed59a3a9a41bd5"
  integrity sha512-E+XQCRwSbaaiChtv6k6Dwgc+bx+Bs6vuKJHHl5kox/BaKbhiXzqQOwK4cO22yElGp2OCmjwVhT3HmxgyPGnJfQ==

chalk@^2.4.2:
  version "2.4.2"
  resolved "https://registry.yarnpkg.com/chalk/-/chalk-2.4.2.tgz#cd42541677a54333cf541a49108c1432b44c9424"
  integrity sha512-Mti+f9lpJNcwF4tWV8/OrTTtF1gZi+f8FqlyAdouralcFWFQWF2+NgCHShjkCb+IFBLq9buZwE1xckQU4peSuQ==
  dependencies:
    ansi-styles "^3.2.1"
    escape-string-regexp "^1.0.5"
    supports-color "^5.3.0"

color-convert@^1.9.0:
  version "1.9.3"
  resolved "https://registry.yarnpkg.com/color-convert/-/color-convert-1.9.3.tgz#bb71850690e1f136567de629d2d5471deda4c1e8"
  integrity sha512-QfAUtd+vFdAtFQcC8CCyYt1fYWxSqAiK2cSD6zDB8N3cpsEBAvRxp9zOGg6G/SHHJYAT88/az/IuDGALsNVbGg==
  dependencies:
    color-name "1.1.3"

color-name@1.1.3:
  version "1.1.3"
  resolved "https://registry.yarnpkg.com/color-name/-/color-name-1.1.3.tgz#a7d0558bd89c42f795dd42328f740831ca53bc25"
  integrity sha512-72fSenhMw2HZMTVHeCA9KCmpEIbzWiQsjN+BHcBbS9vr1mtt+vJjPdksIBNUmKAW8TFUDPJK5SUU3QhE9NEXDw==

commander@^2.20.0:
  version "2.20.3"
  resolved "https://registry.yarnpkg.com/commander/-/commander-2.20.3.tgz#fd485e84c03eb4881c20722ba48035e8531aeb33"
  integrity sha512-GpVkmM8vF2vQUkj2LvZmD35JxeJOLCwJ9cUkugyk2nuhbv3+mJvpLYYt+0+USMxE+oj+ey/lJEnhZw75x/OMcQ==

csstype@^3.0.2:
  version "3.1.3"
  resolved "https://registry.yarnpkg.com/csstype/-/csstype-3.1.3.tgz#d80ff294d114fb0e6ac500fbf85b60137d7eff81"
  integrity sha512-M1uQkMl8rQK/szD0LNhtqxIPLpimGm8sOBwU7lLnCpSbTyY3yeU1Vc7l4KT5zT4s/yOxHH5O7tIuuLOCnLADRw==

data-uri-to-buffer@^4.0.0:
  version "4.0.1"
  resolved "https://registry.yarnpkg.com/data-uri-to-buffer/-/data-uri-to-buffer-4.0.1.tgz#d8feb2b2881e6a4f58c2e08acfd0e2834e26222e"
  integrity sha512-0R9ikRb668HB7QDxT1vkpuUBtqc53YyAwMwGeUFKRojY/NWKvdZ+9UYtRfGmhqNbRkTSVpMbmyhXipFFv2cb/A==

debug@^4.1.0:
  version "4.3.4"
  resolved "https://registry.yarnpkg.com/debug/-/debug-4.3.4.tgz#1319f6579357f2338d3337d2cdd4914bb5dcc865"
  integrity sha512-PRWFHuSU3eDtQJPvnNY7Jcket1j0t5OuOsFzPPzsekD52Zl8qUfFIPEiswXqIvHWGVHOgX+7G/vCNNhehwxfkQ==
  dependencies:
    ms "2.1.2"

escape-string-regexp@^1.0.5:
  version "1.0.5"
  resolved "https://registry.yarnpkg.com/escape-string-regexp/-/escape-string-regexp-1.0.5.tgz#1b61c0562190a8dff6ae3bb2cf0200ca130b86d4"
  integrity sha512-vbRorB5FUQWvla16U8R/qgaFIya2qGzwDrNmCZuYKrbdSUMG6I1ZCGQRefkRVhuOkIGVne7BQ35DSfo1qvJqFg==

eventemitter3@^5.0.1:
  version "5.0.1"
  resolved "https://registry.yarnpkg.com/eventemitter3/-/eventemitter3-5.0.1.tgz#53f5ffd0a492ac800721bb42c66b841de96423c4"
  integrity sha512-GWkBvjiSZK87ELrYOSESUYeVIc9mvLLf/nXalMOS5dYrgZq9o5OVkbZAVM06CVxYsCwH9BDZFPlQTlPA1j4ahA==

fetch-blob@^3.1.2, fetch-blob@^3.1.4:
  version "3.2.0"
  resolved "https://registry.yarnpkg.com/fetch-blob/-/fetch-blob-3.2.0.tgz#f09b8d4bbd45adc6f0c20b7e787e793e309dcce9"
  integrity sha512-7yAQpD2UMJzLi1Dqv7qFYnPbaPx7ZfFK6PiIxQ4PfkGPyNyl2Ugx+a/umUonmKqjhM4DnfbMvdX6otXq83soQQ==
  dependencies:
    node-domexception "^1.0.0"
    web-streams-polyfill "^3.0.3"

formdata-polyfill@^4.0.10:
  version "4.0.10"
  resolved "https://registry.yarnpkg.com/formdata-polyfill/-/formdata-polyfill-4.0.10.tgz#24807c31c9d402e002ab3d8c720144ceb8848423"
  integrity sha512-buewHzMvYL29jdeQTVILecSaZKnt/RJWjoZCF5OW60Z67/GmSLBkOFM7qh1PI3zFNtJbaZL5eQu1vLfazOwj4g==
  dependencies:
    fetch-blob "^3.1.2"

fsevents@~2.3.2:
  version "2.3.3"
  resolved "https://registry.yarnpkg.com/fsevents/-/fsevents-2.3.3.tgz#cac6407785d03675a2a5e1a5305c697b347d90d6"
  integrity sha512-5xoDfX+fL7faATnagmWPpbFtwh/R77WmMMqqHGS65C3vvB0YHrgF+B1YmZ3441tMj5n63k0212XNoJwzlhffQw==

has-flag@^3.0.0:
  version "3.0.0"
  resolved "https://registry.yarnpkg.com/has-flag/-/has-flag-3.0.0.tgz#b5d454dc2199ae225699f3467e5a07f3b955bafd"
  integrity sha512-sKJf1+ceQBr4SMkvQnBDNDtf4TXpVhVGateu0t918bl30FnbE2m4vNLX+VWe/dpjlb+HugGYzW7uQXH98HPEYw==

has-flag@^4.0.0:
  version "4.0.0"
  resolved "https://registry.yarnpkg.com/has-flag/-/has-flag-4.0.0.tgz#944771fd9c81c81265c4d6941860da06bb59479b"
  integrity sha512-EykJT/Q1KjTWctppgIAgfSO0tKVuZUjhgMr17kqTumMl6Afv3EISleU7qZUzoXDFTAHTDC4NOoG/ZxU3EvlMPQ==

jest-worker@^26.2.1:
  version "26.6.2"
  resolved "https://registry.yarnpkg.com/jest-worker/-/jest-worker-26.6.2.tgz#7f72cbc4d643c365e27b9fd775f9d0eaa9c7a8ed"
  integrity sha512-KWYVV1c4i+jbMpaBC+U++4Va0cp8OisU185o73T1vo99hqi7w8tSJfUXYswwqqrjzwxa6KpRK54WhPvwf5w6PQ==
  dependencies:
    "@types/node" "*"
    merge-stream "^2.0.0"
    supports-color "^7.0.0"

"js-tokens@^3.0.0 || ^4.0.0", js-tokens@^4.0.0:
  version "4.0.0"
  resolved "https://registry.yarnpkg.com/js-tokens/-/js-tokens-4.0.0.tgz#19203fb59991df98e3a287050d4647cdeaf32499"
  integrity sha512-RdJUflcE3cUzKiMqQgsCu06FPu9UdIJO0beYbPhHN4k6apgJtifcoCtT9bcxOpYBtpD2kCM6Sbzg4CausW/PKQ==

json-stringify-safe@^5.0.1:
  version "5.0.1"
  resolved "https://registry.yarnpkg.com/json-stringify-safe/-/json-stringify-safe-5.0.1.tgz#1296a2d58fd45f19a0f6ce01d65701e2c735b6eb"
  integrity sha512-ZClg6AaYvamvYEE82d3Iyd3vSSIjQ+odgjaTzRuO3s7toCdFKczob2i0zCh7JE8kWn17yvAWhUVxvqGwUalsRA==

loose-envify@^1.1.0:
  version "1.4.0"
  resolved "https://registry.yarnpkg.com/loose-envify/-/loose-envify-1.4.0.tgz#71ee51fa7be4caec1a63839f7e682d8132d30caf"
  integrity sha512-lyuxPGr/Wfhrlem2CL/UcnUc1zcqKAImBDzukY7Y5F/yQiNdko6+fRLevlw1HgMySw7f611UIY408EtxRSoK3Q==
  dependencies:
    js-tokens "^3.0.0 || ^4.0.0"

merge-stream@^2.0.0:
  version "2.0.0"
  resolved "https://registry.yarnpkg.com/merge-stream/-/merge-stream-2.0.0.tgz#52823629a14dd00c9770fb6ad47dc6310f2c1f60"
  integrity sha512-abv/qOcuPfk3URPfDzmZU1LKmuw8kT+0nIHvKrKgFrwifol/doWcdA4ZqsWQ8ENrFKkd67Mfpo/LovbIUsbt3w==

mock-socket@^9.3.1:
  version "9.3.1"
  resolved "https://registry.yarnpkg.com/mock-socket/-/mock-socket-9.3.1.tgz#24fb00c2f573c84812aa4a24181bb025de80cc8e"
  integrity sha512-qxBgB7Qa2sEQgHFjj0dSigq7fX4k6Saisd5Nelwp2q8mlbAFh5dHV9JTTlF8viYJLSSWgMCZFUom8PJcMNBoJw==

ms@2.1.2:
  version "2.1.2"
  resolved "https://registry.yarnpkg.com/ms/-/ms-2.1.2.tgz#d09d1f357b443f493382a8eb3ccd183872ae6009"
  integrity sha512-sGkPx+VjMtmA6MX27oA4FBFELFCZZ4S4XqeGOXCv68tT+jb3vk/RyaKWP0PTKyWtmLSM0b+adUTEvbs1PEaH2w==

nock@^13.5.0:
  version "13.5.4"
  resolved "https://registry.yarnpkg.com/nock/-/nock-13.5.4.tgz#8918f0addc70a63736170fef7106a9721e0dc479"
  integrity sha512-yAyTfdeNJGGBFxWdzSKCBYxs5FxLbCg5X5Q4ets974hcQzG1+qCxvIyOo4j2Ry6MUlhWVMX4OoYDefAIIwupjw==
  dependencies:
    debug "^4.1.0"
    json-stringify-safe "^5.0.1"
    propagate "^2.0.0"

node-domexception@^1.0.0:
  version "1.0.0"
  resolved "https://registry.yarnpkg.com/node-domexception/-/node-domexception-1.0.0.tgz#6888db46a1f71c0b76b3f7555016b63fe64766e5"
  integrity sha512-/jKZoMpw0F8GRwl4/eLROPA3cfcXtLApP0QzLmUT/HuPCZWyB7IY9ZrMeKw2O/nFIqPQB3PVM9aYm0F312AXDQ==

node-fetch@^3.3.2:
  version "3.3.2"
  resolved "https://registry.yarnpkg.com/node-fetch/-/node-fetch-3.3.2.tgz#d1e889bacdf733b4ff3b2b243eb7a12866a0b78b"
  integrity sha512-dRB78srN/l6gqWulah9SrxeYnxeddIG30+GOqK/9OlLVyLg3HPnr6SqOWTWOXKRwC2eGYCkZ59NNuSgvSrpgOA==
  dependencies:
    data-uri-to-buffer "^4.0.0"
    fetch-blob "^3.1.4"
    formdata-polyfill "^4.0.10"

picocolors@^1.0.0:
  version "1.0.0"
  resolved "https://registry.yarnpkg.com/picocolors/-/picocolors-1.0.0.tgz#cb5bdc74ff3f51892236eaf79d68bc44564ab81c"
  integrity sha512-1fygroTLlHu66zi26VoTDv8yRgm0Fccecssto+MhsZ0D/DGW2sm8E8AjW7NU5VVTRt5GxbeZ5qBuJr+HyLYkjQ==

propagate@^2.0.0:
  version "2.0.1"
  resolved "https://registry.yarnpkg.com/propagate/-/propagate-2.0.1.tgz#40cdedab18085c792334e64f0ac17256d38f9a45"
  integrity sha512-vGrhOavPSTz4QVNuBNdcNXePNdNMaO1xj9yBeH1ScQPjk/rhg9sSlCXPhMkFuaNNW/syTvYqsnbIJxMBfRbbag==

randombytes@^2.1.0:
  version "2.1.0"
  resolved "https://registry.yarnpkg.com/randombytes/-/randombytes-2.1.0.tgz#df6f84372f0270dc65cdf6291349ab7a473d4f2a"
  integrity sha512-vYl3iOX+4CKUWuxGi9Ukhie6fsqXqS9FE2Zaic4tNFD2N2QQaXOMFbuKK4QmDHC0JO6B1Zp41J0LpT0oR68amQ==
  dependencies:
    safe-buffer "^5.1.0"

react-dom@^18.2.0:
  version "18.2.0"
  resolved "https://registry.yarnpkg.com/react-dom/-/react-dom-18.2.0.tgz#22aaf38708db2674ed9ada224ca4aa708d821e3d"
  integrity sha512-6IMTriUmvsjHUjNtEDudZfuDQUoWXVxKHhlEGSk81n4YFS+r/Kl99wXiwlVXtPBtJenozv2P+hxDsw9eA7Xo6g==
  dependencies:
    loose-envify "^1.1.0"
    scheduler "^0.23.0"

react@^18.2.0:
  version "18.2.0"
  resolved "https://registry.yarnpkg.com/react/-/react-18.2.0.tgz#555bd98592883255fa00de14f1151a917b5d77d5"
  integrity sha512-/3IjMdb2L9QbBdWiW5e3P2/npwMBaU9mHCSCUzNln0ZCYbcfTsGbTJrU/kGemdH2IWmB2ioZ+zkxtmq6g09fGQ==
  dependencies:
    loose-envify "^1.1.0"

rollup-plugin-terser@^7.0.2:
  version "7.0.2"
  resolved "https://registry.yarnpkg.com/rollup-plugin-terser/-/rollup-plugin-terser-7.0.2.tgz#e8fbba4869981b2dc35ae7e8a502d5c6c04d324d"
  integrity sha512-w3iIaU4OxcF52UUXiZNsNeuXIMDvFrr+ZXK6bFZ0Q60qyVfq4uLptoS4bbq3paG3x216eQllFZX7zt6TIImguQ==
  dependencies:
    "@babel/code-frame" "^7.10.4"
    jest-worker "^26.2.1"
    serialize-javascript "^4.0.0"
    terser "^5.0.0"

rollup@^4.14.3:
  version "4.14.3"
  resolved "https://registry.yarnpkg.com/rollup/-/rollup-4.14.3.tgz#bcbb7784b35826d3164346fa6d5aac95190d8ba9"
  integrity sha512-ag5tTQKYsj1bhrFC9+OEWqb5O6VYgtQDO9hPDBMmIbePwhfSr+ExlcU741t8Dhw5DkPCQf6noz0jb36D6W9/hw==
  dependencies:
    "@types/estree" "1.0.5"
  optionalDependencies:
    "@rollup/rollup-android-arm-eabi" "4.14.3"
    "@rollup/rollup-android-arm64" "4.14.3"
    "@rollup/rollup-darwin-arm64" "4.14.3"
    "@rollup/rollup-darwin-x64" "4.14.3"
    "@rollup/rollup-linux-arm-gnueabihf" "4.14.3"
    "@rollup/rollup-linux-arm-musleabihf" "4.14.3"
    "@rollup/rollup-linux-arm64-gnu" "4.14.3"
    "@rollup/rollup-linux-arm64-musl" "4.14.3"
    "@rollup/rollup-linux-powerpc64le-gnu" "4.14.3"
    "@rollup/rollup-linux-riscv64-gnu" "4.14.3"
    "@rollup/rollup-linux-s390x-gnu" "4.14.3"
    "@rollup/rollup-linux-x64-gnu" "4.14.3"
    "@rollup/rollup-linux-x64-musl" "4.14.3"
    "@rollup/rollup-win32-arm64-msvc" "4.14.3"
    "@rollup/rollup-win32-ia32-msvc" "4.14.3"
    "@rollup/rollup-win32-x64-msvc" "4.14.3"
    fsevents "~2.3.2"

rxjs@^7.8.1:
  version "7.8.1"
  resolved "https://registry.yarnpkg.com/rxjs/-/rxjs-7.8.1.tgz#6f6f3d99ea8044291efd92e7c7fcf562c4057543"
  integrity sha512-AA3TVj+0A2iuIoQkWEK/tqFjBq2j+6PO6Y0zJcvzLAFhEFIO3HL0vls9hWLncZbAAbK0mar7oZ4V079I/qPMxg==
  dependencies:
    tslib "^2.1.0"

safe-buffer@^5.1.0:
  version "5.2.1"
  resolved "https://registry.yarnpkg.com/safe-buffer/-/safe-buffer-5.2.1.tgz#1eaf9fa9bdb1fdd4ec75f58f9cdb4e6b7827eec6"
  integrity sha512-rp3So07KcdmmKbGvgaNxQSJr7bGVSVk5S9Eq1F+ppbRo70+YeaDxkw5Dd8NPN+GD6bjnYm2VuPuCXmpuYvmCXQ==

scale-ts@^1.6.0:
  version "1.6.0"
  resolved "https://registry.yarnpkg.com/scale-ts/-/scale-ts-1.6.0.tgz#e9641093c5a9e50f964ddb1607139034e3e932e9"
  integrity sha512-Ja5VCjNZR8TGKhUumy9clVVxcDpM+YFjAnkMuwQy68Hixio3VRRvWdE3g8T/yC+HXA0ZDQl2TGyUmtmbcVl40Q==

scheduler@^0.23.0:
  version "0.23.0"
  resolved "https://registry.yarnpkg.com/scheduler/-/scheduler-0.23.0.tgz#ba8041afc3d30eb206a487b6b384002e4e61fdfe"
  integrity sha512-CtuThmgHNg7zIZWAXi3AsyIzA3n4xx7aNyjwC2VJldO2LMVDhFK+63xGqq6CsJH4rTAt6/M+N4GhZiDYPx9eUw==
  dependencies:
    loose-envify "^1.1.0"

serialize-javascript@^4.0.0:
  version "4.0.0"
  resolved "https://registry.yarnpkg.com/serialize-javascript/-/serialize-javascript-4.0.0.tgz#b525e1238489a5ecfc42afacc3fe99e666f4b1aa"
  integrity sha512-GaNA54380uFefWghODBWEGisLZFj00nS5ACs6yHa9nLqlLpVLO8ChDGeKRjZnV4Nh4n0Qi7nhYZD/9fCPzEqkw==
  dependencies:
    randombytes "^2.1.0"

smoldot@2.0.22:
  version "2.0.22"
  resolved "https://registry.yarnpkg.com/smoldot/-/smoldot-2.0.22.tgz#1e924d2011a31c57416e79a2b97a460f462a31c7"
  integrity sha512-B50vRgTY6v3baYH6uCgL15tfaag5tcS2o/P5q1OiXcKGv1axZDfz2dzzMuIkVpyMR2ug11F6EAtQlmYBQd292g==
  dependencies:
    ws "^8.8.1"

source-map-support@~0.5.20:
  version "0.5.21"
  resolved "https://registry.yarnpkg.com/source-map-support/-/source-map-support-0.5.21.tgz#04fe7c7f9e1ed2d662233c28cb2b35b9f63f6e4f"
  integrity sha512-uBHU3L3czsIyYXKX88fdrGovxdSCoTGDRZ6SYXtSRxLZUzHg5P/66Ht6uoUlHu9EZod+inXhKo3qQgwXUT/y1w==
  dependencies:
    buffer-from "^1.0.0"
    source-map "^0.6.0"

source-map@^0.6.0:
  version "0.6.1"
  resolved "https://registry.yarnpkg.com/source-map/-/source-map-0.6.1.tgz#74722af32e9614e9c287a8d0bbde48b5e2f1a263"
  integrity sha512-UjgapumWlbMhkBgzT7Ykc5YXUT46F0iKu8SGXq0bcwP5dz/h0Plj6enJqjz1Zbq2l5WaqYnrVbwWOWMyF3F47g==

supports-color@^5.3.0:
  version "5.5.0"
  resolved "https://registry.yarnpkg.com/supports-color/-/supports-color-5.5.0.tgz#e2e69a44ac8772f78a1ec0b35b689df6530efc8f"
  integrity sha512-QjVjwdXIt408MIiAqCX4oUKsgU2EqAGzs2Ppkm4aQYbjm+ZEWEcW4SfFNTr4uMNZma0ey4f5lgLrkB0aX0QMow==
  dependencies:
    has-flag "^3.0.0"

supports-color@^7.0.0:
  version "7.2.0"
  resolved "https://registry.yarnpkg.com/supports-color/-/supports-color-7.2.0.tgz#1b7dcdcb32b8138801b3e478ba6a51caa89648da"
  integrity sha512-qpCAvRl9stuOHveKsn7HncJRvv501qIacKzQlO/+Lwxc9+0q2wLyv4Dfvt80/DPn2pqOBsJdDiogXGR9+OvwRw==
  dependencies:
    has-flag "^4.0.0"

terser@^5.0.0:
  version "5.30.3"
  resolved "https://registry.yarnpkg.com/terser/-/terser-5.30.3.tgz#f1bb68ded42408c316b548e3ec2526d7dd03f4d2"
  integrity sha512-STdUgOUx8rLbMGO9IOwHLpCqolkDITFFQSMYYwKE1N2lY6MVSaeoi10z/EhWxRc6ybqoVmKSkhKYH/XUpl7vSA==
  dependencies:
    "@jridgewell/source-map" "^0.3.3"
    acorn "^8.8.2"
    commander "^2.20.0"
    source-map-support "~0.5.20"

tslib@^2.1.0, tslib@^2.6.2:
  version "2.6.2"
  resolved "https://registry.yarnpkg.com/tslib/-/tslib-2.6.2.tgz#703ac29425e7b37cd6fd456e92404d46d1f3e4ae"
  integrity sha512-AEYxH93jGFPn/a2iVAwW87VuUIkR1FVUKB77NwMF7nBTDkDrrT/Hpt/IrCJ0QXhW27jTBDcf5ZY7w6RiqTMw2Q==

typescript@^5.4.5:
  version "5.4.5"
  resolved "https://registry.yarnpkg.com/typescript/-/typescript-5.4.5.tgz#42ccef2c571fdbd0f6718b1d1f5e6e5ef006f611"
  integrity sha512-vcI4UpRgg81oIRUFwR0WSIHKt11nJ7SAVlYNIu+QpqeyXP+gpQJy/Z4+F0aGxSE4MqwjyXvW/TzgkLAx2AGHwQ==

undici-types@~5.26.4:
  version "5.26.5"
  resolved "https://registry.yarnpkg.com/undici-types/-/undici-types-5.26.5.tgz#bcd539893d00b56e964fd2657a4866b221a65617"
  integrity sha512-JlCMO+ehdEIKqlFxk6IfVoAUVmgz7cU7zD/h9XZ0qzeosSHmUJVOzSQvvYSYWXkFXC+IfLKSIffhv0sVZup6pA==

web-streams-polyfill@^3.0.3:
  version "3.3.3"
  resolved "https://registry.yarnpkg.com/web-streams-polyfill/-/web-streams-polyfill-3.3.3.tgz#2073b91a2fdb1fbfbd401e7de0ac9f8214cecb4b"
  integrity sha512-d2JWLCivmZYTSIoge9MsgFCZrt571BikcWGYkjC1khllbTeDlGqZ2D8vD8E/lJa8WGWbb7Plm8/XJYV7IJHZZw==

ws@^8.15.1, ws@^8.8.1:
  version "8.16.0"
  resolved "https://registry.yarnpkg.com/ws/-/ws-8.16.0.tgz#d1cd774f36fbc07165066a60e40323eab6446fd4"
  integrity sha512-HS0c//TP7Ina87TfiPUz1rQzMhHrl/SG2guqRcTOIUYD2q8uhUdNHZYJUaQ8aTGPzCh+c6oawMKW35nFl1dxyQ==
